{
  "name": "ajs-homework_platforms__project",
  "version": "1.0.0",
  "lockfileVersion": 1,
  "requires": true,
  "dependencies": {
    "@a-naraikin/ajs-homework_platforms__package": {
      "version": "1.0.0",
      "resolved": "https://npm.pkg.github.com/download/@a-naraikin/ajs-homework_platforms__package/1.0.0/68462212fad1b5973082b7f764199ef2b0521830e8d4dd14524f4f8a3d2e5fbf",
      "integrity": "sha512-ynLQG3Ub1pW7tm3kj3q11oV2nsNCidWArdDxPppxuuBg788cgmfxfHrIoL1+svTm059n3n/sbxX4Rvv/xlZ8tQ=="
    }
  }
}
